
Microsoft Visual Studio Solution File, Format Version 12.00
# Visual Studio Version 17
VisualStudioVersion = 17.3.32922.545
MinimumVisualStudioVersion = 10.0.40219.1
Project("{9A19103F-16F7-4668-BE54-9A1E7A4F7556}") = "MusicRoomManager", "MusicRoomManager\MusicRoomManager.csproj", "{4FDF69F2-AC34-419B-ABA9-88D1DE2B0B3A}"
EndProject
Project("{FAE04EC0-301F-11D3-BF4B-00C04F79EFBC}") = "MusicRoomManagerModels", "MusicRoomManagerModels\MusicRoomManagerModels.csproj", "{120F596A-2382-43A5-B42C-996527C7E81B}"
EndProject
Project("{FAE04EC0-301F-11D3-BF4B-00C04F79EFBC}") = "MusicRoomManagerData", "MusicRoomManagerData\MusicRoomManagerData.csproj", "{46015DF5-C379-4144-9DC9-5C09017AE14E}"
EndProject
Project("{FAE04EC0-301F-11D3-BF4B-00C04F79EFBC}") = "MusicRoomManagerRepositories", "MusicRoomManagerRepositories\MusicRoomManagerRepositories.csproj", "{A3EB543C-F149-4B6F-B871-4003B9A7A870}"
EndProject
Project("{FAE04EC0-301F-11D3-BF4B-00C04F79EFBC}") = "MusicRoomManagerServices", "MusicRoomManagerServices\MusicRoomManagerServices.csproj", "{4ACFEEC5-BEEC-4723-9E0C-A097B36146EC}"
EndProject
Global
	GlobalSection(SolutionConfigurationPlatforms) = preSolution
		Debug|Any CPU = Debug|Any CPU
		Release|Any CPU = Release|Any CPU
	EndGlobalSection
	GlobalSection(ProjectConfigurationPlatforms) = postSolution
		{4FDF69F2-AC34-419B-ABA9-88D1DE2B0B3A}.Debug|Any CPU.ActiveCfg = Debug|Any CPU
		{4FDF69F2-AC34-419B-ABA9-88D1DE2B0B3A}.Debug|Any CPU.Build.0 = Debug|Any CPU
		{4FDF69F2-AC34-419B-ABA9-88D1DE2B0B3A}.Release|Any CPU.ActiveCfg = Release|Any CPU
		{4FDF69F2-AC34-419B-ABA9-88D1DE2B0B3A}.Release|Any CPU.Build.0 = Release|Any CPU
		{120F596A-2382-43A5-B42C-996527C7E81B}.Debug|Any CPU.ActiveCfg = Debug|Any CPU
		{120F596A-2382-43A5-B42C-996527C7E81B}.Debug|Any CPU.Build.0 = Debug|Any CPU
		{120F596A-2382-43A5-B42C-996527C7E81B}.Release|Any CPU.ActiveCfg = Release|Any CPU
		{120F596A-2382-43A5-B42C-996527C7E81B}.Release|Any CPU.Build.0 = Release|Any CPU
		{46015DF5-C379-4144-9DC9-5C09017AE14E}.Debug|Any CPU.ActiveCfg = Debug|Any CPU
		{46015DF5-C379-4144-9DC9-5C09017AE14E}.Debug|Any CPU.Build.0 = Debug|Any CPU
		{46015DF5-C379-4144-9DC9-5C09017AE14E}.Release|Any CPU.ActiveCfg = Release|Any CPU
		{46015DF5-C379-4144-9DC9-5C09017AE14E}.Release|Any CPU.Build.0 = Release|Any CPU
		{A3EB543C-F149-4B6F-B871-4003B9A7A870}.Debug|Any CPU.ActiveCfg = Debug|Any CPU
		{A3EB543C-F149-4B6F-B871-4003B9A7A870}.Debug|Any CPU.Build.0 = Debug|Any CPU
		{A3EB543C-F149-4B6F-B871-4003B9A7A870}.Release|Any CPU.ActiveCfg = Release|Any CPU
		{A3EB543C-F149-4B6F-B871-4003B9A7A870}.Release|Any CPU.Build.0 = Release|Any CPU
		{4ACFEEC5-BEEC-4723-9E0C-A097B36146EC}.Debug|Any CPU.ActiveCfg = Debug|Any CPU
		{4ACFEEC5-BEEC-4723-9E0C-A097B36146EC}.Debug|Any CPU.Build.0 = Debug|Any CPU
		{4ACFEEC5-BEEC-4723-9E0C-A097B36146EC}.Release|Any CPU.ActiveCfg = Release|Any CPU
		{4ACFEEC5-BEEC-4723-9E0C-A097B36146EC}.Release|Any CPU.Build.0 = Release|Any CPU
	EndGlobalSection
	GlobalSection(SolutionProperties) = preSolution
		HideSolutionNode = FALSE
	EndGlobalSection
	GlobalSection(ExtensibilityGlobals) = postSolution
		SolutionGuid = {281A91A1-8AB8-4962-B841-2739F4F85A12}
	EndGlobalSection
EndGlobal
